
Microsoft Visual Studio Solution File, Format Version 12.00
# Visual Studio Version 16
VisualStudioVersion = 16.0.31515.178
MinimumVisualStudioVersion = 10.0.40219.1
Project("{FAE04EC0-301F-11D3-BF4B-00C04F79EFBC}") = "Music Player", "Music Player.csproj", "{79AFC28E-B1C9-493E-88F8-895D7F59B229}"
EndProject
Global
	GlobalSection(SolutionConfigurationPlatforms) = preSolution
		Debug|Any CPU = Debug|Any CPU
		Release|Any CPU = Release|Any CPU
	EndGlobalSection
	GlobalSection(ProjectConfigurationPlatforms) = postSolution
		{79AFC28E-B1C9-493E-88F8-895D7F59B229}.Debug|Any CPU.ActiveCfg = Debug|Any CPU
		{79AFC28E-B1C9-493E-88F8-895D7F59B229}.Debug|Any CPU.Build.0 = Debug|Any CPU
		{79AFC28E-B1C9-493E-88F8-895D7F59B229}.Release|Any CPU.ActiveCfg = Release|Any CPU
		{79AFC28E-B1C9-493E-88F8-895D7F59B229}.Release|Any CPU.Build.0 = Release|Any CPU
	EndGlobalSection
	GlobalSection(SolutionProperties) = preSolution
		HideSolutionNode = FALSE
	EndGlobalSection
	GlobalSection(ExtensibilityGlobals) = postSolution
		SolutionGuid = {09468A7A-174D-4998-803D-708FCF09F33B}
	EndGlobalSection
EndGlobal
